
Microsoft Visual Studio Solution File, Format Version 12.00
# Visual Studio 14
VisualStudioVersion = 14.0.24720.0
MinimumVisualStudioVersion = 10.0.40219.1
Project("{FAE04EC0-301F-11D3-BF4B-00C04F79EFBC}") = "demo.folly.io", "demo.folly.io\demo.folly.io.csproj", "{7CE1C4BF-832E-4556-8BB8-09773ADC4F47}"
EndProject
Project("{2150E333-8FDC-42A3-9474-1A3956D46DE8}") = "PublishScripts", "PublishScripts", "{7D91358C-00B1-42B2-80AA-95C1366831B3}"
EndProject
Project("{2150E333-8FDC-42A3-9474-1A3956D46DE8}") = "Scripts", "Scripts", "{84585A51-D851-43ED-B832-73BCDFADAFE6}"
	ProjectSection(SolutionItems) = preProject
		PublishScripts\Scripts\Deploy-AzureResourceGroup.ps1 = PublishScripts\Scripts\Deploy-AzureResourceGroup.ps1
	EndProjectSection
EndProject
Project("{2150E333-8FDC-42A3-9474-1A3956D46DE8}") = "Templates", "Templates", "{121FE54B-E287-4A1A-B2F5-F041ECE37682}"
	ProjectSection(SolutionItems) = preProject
		PublishScripts\Templates\demofollyio.json = PublishScripts\Templates\demofollyio.json
		PublishScripts\Templates\demofollyio.param.dev.json = PublishScripts\Templates\demofollyio.param.dev.json
	EndProjectSection
EndProject
Global
	GlobalSection(SolutionConfigurationPlatforms) = preSolution
		Debug|Any CPU = Debug|Any CPU
		Release|Any CPU = Release|Any CPU
	EndGlobalSection
	GlobalSection(ProjectConfigurationPlatforms) = postSolution
		{7CE1C4BF-832E-4556-8BB8-09773ADC4F47}.Debug|Any CPU.ActiveCfg = Debug|Any CPU
		{7CE1C4BF-832E-4556-8BB8-09773ADC4F47}.Debug|Any CPU.Build.0 = Debug|Any CPU
		{7CE1C4BF-832E-4556-8BB8-09773ADC4F47}.Release|Any CPU.ActiveCfg = Release|Any CPU
		{7CE1C4BF-832E-4556-8BB8-09773ADC4F47}.Release|Any CPU.Build.0 = Release|Any CPU
	EndGlobalSection
	GlobalSection(SolutionProperties) = preSolution
		HideSolutionNode = FALSE
	EndGlobalSection
	GlobalSection(NestedProjects) = preSolution
		{84585A51-D851-43ED-B832-73BCDFADAFE6} = {7D91358C-00B1-42B2-80AA-95C1366831B3}
		{121FE54B-E287-4A1A-B2F5-F041ECE37682} = {7D91358C-00B1-42B2-80AA-95C1366831B3}
	EndGlobalSection
EndGlobal
